// !$*UTF8*$!
{
	archiveVersion = 1;
	classes = {
	};
	objectVersion = 50;
	objects = {

/* Begin PBXBuildFile section */
		FBE33A552099F4EA007A5221 /* AppDelegate.swift in Sources */ = {isa = PBXBuildFile; fileRef = FBE33A542099F4EA007A5221 /* AppDelegate.swift */; };
		FBE33A572099F4EA007A5221 /* ViewController.swift in Sources */ = {isa = PBXBuildFile; fileRef = FBE33A562099F4EA007A5221 /* ViewController.swift */; };
		FBE33A5A2099F4EA007A5221 /* Main.storyboard in Resources */ = {isa = PBXBuildFile; fileRef = FBE33A582099F4EA007A5221 /* Main.storyboard */; };
		FBE33A5C2099F4EB007A5221 /* Assets.xcassets in Resources */ = {isa = PBXBuildFile; fileRef = FBE33A5B2099F4EB007A5221 /* Assets.xcassets */; };
		FBE33A5F2099F4EB007A5221 /* LaunchScreen.storyboard in Resources */ = {isa = PBXBuildFile; fileRef = FBE33A5D2099F4EB007A5221 /* LaunchScreen.storyboard */; };
		FBE33A6A2099F4EB007A5221 /* weatherappTests.swift in Sources */ = {isa = PBXBuildFile; fileRef = FBE33A692099F4EB007A5221 /* weatherappTests.swift */; };
		FBE33A752099F4EB007A5221 /* weatherappUITests.swift in Sources */ = {isa = PBXBuildFile; fileRef = FBE33A742099F4EB007A5221 /* weatherappUITests.swift */; };
/* End PBXBuildFile section */

/* Begin PBXContainerItemProxy section */
		FBE33A662099F4EB007A5221 /* PBXContainerItemProxy */ = {
			isa = PBXContainerItemProxy;
			containerPortal = FBE33A492099F4EA007A5221 /* Project object */;
			proxyType = 1;
			remoteGlobalIDString = FBE33A502099F4EA007A5221;
			remoteInfo = weatherapp;
		};
		FBE33A712099F4EB007A5221 /* PBXContainerItemProxy */ = {
			isa = PBXContainerItemProxy;
			containerPortal = FBE33A492099F4EA007A5221 /* Project object */;
			proxyType = 1;
			remoteGlobalIDString = FBE33A502099F4EA007A5221;
			remoteInfo = weatherapp;
		};
/* End PBXContainerItemProxy section */

/* Begin PBXFileReference section */
		FBE33A512099F4EA007A5221 /* weatherapp.app */ = {isa = PBXFileReference; explicitFileType = wrapper.application; includeInIndex = 0; path = weatherapp.app; sourceTree = BUILT_PRODUCTS_DIR; };
		FBE33A542099F4EA007A5221 /* AppDelegate.swift */ = {isa = PBXFileReference; lastKnownFileType = sourcecode.swift; path = AppDelegate.swift; sourceTree = "<group>"; };
		FBE33A562099F4EA007A5221 /* ViewController.swift */ = {isa = PBXFileReference; lastKnownFileType = sourcecode.swift; path = ViewController.swift; sourceTree = "<group>"; };
		FBE33A592099F4EA007A5221 /* Base */ = {isa = PBXFileReference; lastKnownFileType = file.storyboard; name = Base; path = Base.lproj/Main.storyboard; sourceTree = "<group>"; };
		FBE33A5B2099F4EB007A5221 /* Assets.xcassets */ = {isa = PBXFileReference; lastKnownFileType = folder.assetcatalog; path = Assets.xcassets; sourceTree = "<group>"; };
		FBE33A5E2099F4EB007A5221 /* Base */ = {isa = PBXFileReference; lastKnownFileType = file.storyboard; name = Base; path = Base.lproj/LaunchScreen.storyboard; sourceTree = "<group>"; };
		FBE33A602099F4EB007A5221 /* Info.plist */ = {isa = PBXFileReference; lastKnownFileType = text.plist.xml; path = Info.plist; sourceTree = "<group>"; };
		FBE33A652099F4EB007A5221 /* weatherappTests.xctest */ = {isa = PBXFileReference; explicitFileType = wrapper.cfbundle; includeInIndex = 0; path = weatherappTests.xctest; sourceTree = BUILT_PRODUCTS_DIR; };
		FBE33A692099F4EB007A5221 /* weatherappTests.swift */ = {isa = PBXFileReference; lastKnownFileType = sourcecode.swift; path = weatherappTests.swift; sourceTree = "<group>"; };
		FBE33A6B2099F4EB007A5221 /* Info.plist */ = {isa = PBXFileReference; lastKnownFileType = text.plist.xml; path = Info.plist; sourceTree = "<group>"; };
		FBE33A702099F4EB007A5221 /* weatherappUITests.xctest */ = {isa = PBXFileReference; explicitFileType = wrapper.cfbundle; includeInIndex = 0; path = weatherappUITests.xctest; sourceTree = BUILT_PRODUCTS_DIR; };
		FBE33A742099F4EB007A5221 /* weatherappUITests.swift */ = {isa = PBXFileReference; lastKnownFileType = sourcecode.swift; path = weatherappUITests.swift; sourceTree = "<group>"; };
		FBE33A762099F4EB007A5221 /* Info.plist */ = {isa = PBXFileReference; lastKnownFileType = text.plist.xml; path = Info.plist; sourceTree = "<group>"; };
/* End PBXFileReference section */

/* Begin PBXFrameworksBuildPhase section */
		FBE33A4E2099F4EA007A5221 /* Frameworks */ = {
			isa = PBXFrameworksBuildPhase;
			buildActionMask = 2147483647;
			files = (
			);
			runOnlyForDeploymentPostprocessing = 0;
		};
		FBE33A622099F4EB007A5221 /* Frameworks */ = {
			isa = PBXFrameworksBuildPhase;
			buildActionMask = 2147483647;
			files = (
			);
			runOnlyForDeploymentPostprocessing = 0;
		};
		FBE33A6D2099F4EB007A5221 /* Frameworks */ = {
			isa = PBXFrameworksBuildPhase;
			buildActionMask = 2147483647;
			files = (
			);
			runOnlyForDeploymentPostprocessing = 0;
		};
/* End PBXFrameworksBuildPhase section */

/* Begin PBXGroup section */
		FBE33A482099F4EA007A5221 = {
			isa = PBXGroup;
			children = (
				FBE33A532099F4EA007A5221 /* weatherapp */,
				FBE33A682099F4EB007A5221 /* weatherappTests */,
				FBE33A732099F4EB007A5221 /* weatherappUITests */,
				FBE33A522099F4EA007A5221 /* Products */,
			);
			sourceTree = "<group>";
		};
		FBE33A522099F4EA007A5221 /* Products */ = {
			isa = PBXGroup;
			children = (
				FBE33A512099F4EA007A5221 /* weatherapp.app */,
				FBE33A652099F4EB007A5221 /* weatherappTests.xctest */,
				FBE33A702099F4EB007A5221 /* weatherappUITests.xctest */,
			);
			name = Products;
			sourceTree = "<group>";
		};
		FBE33A532099F4EA007A5221 /* weatherapp */ = {
			isa = PBXGroup;
			children = (
				FBE33A542099F4EA007A5221 /* AppDelegate.swift */,
				FBE33A562099F4EA007A5221 /* ViewController.swift */,
				FBE33A582099F4EA007A5221 /* Main.storyboard */,
				FBE33A5B2099F4EB007A5221 /* Assets.xcassets */,
				FBE33A5D2099F4EB007A5221 /* LaunchScreen.storyboard */,
				FBE33A602099F4EB007A5221 /* Info.plist */,
			);
			path = weatherapp;
			sourceTree = "<group>";
		};
		FBE33A682099F4EB007A5221 /* weatherappTests */ = {
			isa = PBXGroup;
			children = (
				FBE33A692099F4EB007A5221 /* weatherappTests.swift */,
				FBE33A6B2099F4EB007A5221 /* Info.plist */,
			);
			path = weatherappTests;
			sourceTree = "<group>";
		};
		FBE33A732099F4EB007A5221 /* weatherappUITests */ = {
			isa = PBXGroup;
			children = (
				FBE33A742099F4EB007A5221 /* weatherappUITests.swift */,
				FBE33A762099F4EB007A5221 /* Info.plist */,
			);
			path = weatherappUITests;
			sourceTree = "<group>";
		};
/* End PBXGroup section */

/* Begin PBXNativeTarget section */
		FBE33A502099F4EA007A5221 /* weatherapp */ = {
			isa = PBXNativeTarget;
			buildConfigurationList = FBE33A792099F4EB007A5221 /* Build configuration list for PBXNativeTarget "weatherapp" */;
			buildPhases = (
				FBE33A4D2099F4EA007A5221 /* Sources */,
				FBE33A4E2099F4EA007A5221 /* Frameworks */,
				FBE33A4F2099F4EA007A5221 /* Resources */,
			);
			buildRules = (
			);
			dependencies = (
			);
			name = weatherapp;
			productName = weatherapp;
			productReference = FBE33A512099F4EA007A5221 /* weatherapp.app */;
			productType = "com.apple.product-type.application";
		};
		FBE33A642099F4EB007A5221 /* weatherappTests */ = {
			isa = PBXNativeTarget;
			buildConfigurationList = FBE33A7C2099F4EB007A5221 /* Build configuration list for PBXNativeTarget "weatherappTests" */;
			buildPhases = (
				FBE33A612099F4EB007A5221 /* Sources */,
				FBE33A622099F4EB007A5221 /* Frameworks */,
				FBE33A632099F4EB007A5221 /* Resources */,
			);
			buildRules = (
			);
			dependencies = (
				FBE33A672099F4EB007A5221 /* PBXTargetDependency */,
			);
			name = weatherappTests;
			productName = weatherappTests;
			productReference = FBE33A652099F4EB007A5221 /* weatherappTests.xctest */;
			productType = "com.apple.product-type.bundle.unit-test";
		};
		FBE33A6F2099F4EB007A5221 /* weatherappUITests */ = {
			isa = PBXNativeTarget;
			buildConfigurationList = FBE33A7F2099F4EB007A5221 /* Build configuration list for PBXNativeTarget "weatherappUITests" */;
			buildPhases = (
				FBE33A6C2099F4EB007A5221 /* Sources */,
				FBE33A6D2099F4EB007A5221 /* Frameworks */,
				FBE33A6E2099F4EB007A5221 /* Resources */,
			);
			buildRules = (
			);
			dependencies = (
				FBE33A722099F4EB007A5221 /* PBXTargetDependency */,
			);
			name = weatherappUITests;
			productName = weatherappUITests;
			productReference = FBE33A702099F4EB007A5221 /* weatherappUITests.xctest */;
			productType = "com.apple.product-type.bundle.ui-testing";
		};
/* End PBXNativeTarget section */

/* Begin PBXProject section */
		FBE33A492099F4EA007A5221 /* Project object */ = {
			isa = PBXProject;
			attributes = {
				LastSwiftUpdateCheck = 0930;
				LastUpgradeCheck = 0930;
				ORGANIZATIONNAME = "Loic B";
				TargetAttributes = {
					FBE33A502099F4EA007A5221 = {
						CreatedOnToolsVersion = 9.3;
					};
					FBE33A642099F4EB007A5221 = {
						CreatedOnToolsVersion = 9.3;
						TestTargetID = FBE33A502099F4EA007A5221;
					};
					FBE33A6F2099F4EB007A5221 = {
						CreatedOnToolsVersion = 9.3;
						TestTargetID = FBE33A502099F4EA007A5221;
					};
				};
			};
			buildConfigurationList = FBE33A4C2099F4EA007A5221 /* Build configuration list for PBXProject "weatherapp" */;
			compatibilityVersion = "Xcode 9.3";
			developmentRegion = en;
			hasScannedForEncodings = 0;
			knownRegions = (
				en,
				Base,
			);
			mainGroup = FBE33A482099F4EA007A5221;
			productRefGroup = FBE33A522099F4EA007A5221 /* Products */;
			projectDirPath = "";
			projectRoot = "";
			targets = (
				FBE33A502099F4EA007A5221 /* weatherapp */,
				FBE33A642099F4EB007A5221 /* weatherappTests */,
				FBE33A6F2099F4EB007A5221 /* weatherappUITests */,
			);
		};
/* End PBXProject section */

/* Begin PBXResourcesBuildPhase section */
		FBE33A4F2099F4EA007A5221 /* Resources */ = {
			isa = PBXResourcesBuildPhase;
			buildActionMask = 2147483647;
			files = (
				FBE33A5F2099F4EB007A5221 /* LaunchScreen.storyboard in Resources */,
				FBE33A5C2099F4EB007A5221 /* Assets.xcassets in Resources */,
				FBE33A5A2099F4EA007A5221 /* Main.storyboard in Resources */,
			);
			runOnlyForDeploymentPostprocessing = 0;
		};
		FBE33A632099F4EB007A5221 /* Resources */ = {
			isa = PBXResourcesBuildPhase;
			buildActionMask = 2147483647;
			files = (
			);
			runOnlyForDeploymentPostprocessing = 0;
		};
		FBE33A6E2099F4EB007A5221 /* Resources */ = {
			isa = PBXResourcesBuildPhase;
			buildActionMask = 2147483647;
			files = (
			);
			runOnlyForDeploymentPostprocessing = 0;
		};
/* End PBXResourcesBuildPhase section */

/* Begin PBXSourcesBuildPhase section */
		FBE33A4D2099F4EA007A5221 /* Sources */ = {
			isa = PBXSourcesBuildPhase;
			buildActionMask = 2147483647;
			files = (
				FBE33A572099F4EA007A5221 /* ViewController.swift in Sources */,
				FBE33A552099F4EA007A5221 /* AppDelegate.swift in Sources */,
			);
			runOnlyForDeploymentPostprocessing = 0;
		};
		FBE33A612099F4EB007A5221 /* Sources */ = {
			isa = PBXSourcesBuildPhase;
			buildActionMask = 2147483647;
			files = (
				FBE33A6A2099F4EB007A5221 /* weatherappTests.swift in Sources */,
			);
			runOnlyForDeploymentPostprocessing = 0;
		};
		FBE33A6C2099F4EB007A5221 /* Sources */ = {
			isa = PBXSourcesBuildPhase;
			buildActionMask = 2147483647;
			files = (
				FBE33A752099F4EB007A5221 /* weatherappUITests.swift in Sources */,
			);
			runOnlyForDeploymentPostprocessing = 0;
		};
/* End PBXSourcesBuildPhase section */

/* Begin PBXTargetDependency section */
		FBE33A672099F4EB007A5221 /* PBXTargetDependency */ = {
			isa = PBXTargetDependency;
			target = FBE33A502099F4EA007A5221 /* weatherapp */;
			targetProxy = FBE33A662099F4EB007A5221 /* PBXContainerItemProxy */;
		};
		FBE33A722099F4EB007A5221 /* PBXTargetDependency */ = {
			isa = PBXTargetDependency;
			target = FBE33A502099F4EA007A5221 /* weatherapp */;
			targetProxy = FBE33A712099F4EB007A5221 /* PBXContainerItemProxy */;
		};
/* End PBXTargetDependency section */

/* Begin PBXVariantGroup section */
		FBE33A582099F4EA007A5221 /* Main.storyboard */ = {
			isa = PBXVariantGroup;
			children = (
				FBE33A592099F4EA007A5221 /* Base */,
			);
			name = Main.storyboard;
			sourceTree = "<group>";
		};
		FBE33A5D2099F4EB007A5221 /* LaunchScreen.storyboard */ = {
			isa = PBXVariantGroup;
			children = (
				FBE33A5E2099F4EB007A5221 /* Base */,
			);
			name = LaunchScreen.storyboard;
			sourceTree = "<group>";
		};
/* End PBXVariantGroup section */

/* Begin XCBuildConfiguration section */
		FBE33A772099F4EB007A5221 /* Debug */ = {
			isa = XCBuildConfiguration;
			buildSettings = {
				ALWAYS_SEARCH_USER_PATHS = NO;
				CLANG_ANALYZER_NONNULL = YES;
				CLANG_ANALYZER_NUMBER_OBJECT_CONVERSION = YES_AGGRESSIVE;
				CLANG_CXX_LANGUAGE_STANDARD = "gnu++14";
				CLANG_CXX_LIBRARY = "libc++";
				CLANG_ENABLE_MODULES = YES;
				CLANG_ENABLE_OBJC_ARC = YES;
				CLANG_ENABLE_OBJC_WEAK = YES;
				CLANG_WARN_BLOCK_CAPTURE_AUTORELEASING = YES;
				CLANG_WARN_BOOL_CONVERSION = YES;
				CLANG_WARN_COMMA = YES;
				CLANG_WARN_CONSTANT_CONVERSION = YES;
				CLANG_WARN_DEPRECATED_OBJC_IMPLEMENTATIONS = YES;
				CLANG_WARN_DIRECT_OBJC_ISA_USAGE = YES_ERROR;
				CLANG_WARN_DOCUMENTATION_COMMENTS = YES;
				CLANG_WARN_EMPTY_BODY = YES;
				CLANG_WARN_ENUM_CONVERSION = YES;
				CLANG_WARN_INFINITE_RECURSION = YES;
				CLANG_WARN_INT_CONVERSION = YES;
				CLANG_WARN_NON_LITERAL_NULL_CONVERSION = YES;
				CLANG_WARN_OBJC_IMPLICIT_RETAIN_SELF = YES;
				CLANG_WARN_OBJC_LITERAL_CONVERSION = YES;
				CLANG_WARN_OBJC_ROOT_CLASS = YES_ERROR;
				CLANG_WARN_RANGE_LOOP_ANALYSIS = YES;
				CLANG_WARN_STRICT_PROTOTYPES = YES;
				CLANG_WARN_SUSPICIOUS_MOVE = YES;
				CLANG_WARN_UNGUARDED_AVAILABILITY = YES_AGGRESSIVE;
				CLANG_WARN_UNREACHABLE_CODE = YES;
				CLANG_WARN__DUPLICATE_METHOD_MATCH = YES;
				CODE_SIGN_IDENTITY = "iPhone Developer";
				COPY_PHASE_STRIP = NO;
				DEBUG_INFORMATION_FORMAT = dwarf;
				ENABLE_STRICT_OBJC_MSGSEND = YES;
				ENABLE_TESTABILITY = YES;
				GCC_C_LANGUAGE_STANDARD = gnu11;
				GCC_DYNAMIC_NO_PIC = NO;
				GCC_NO_COMMON_BLOCKS = YES;
				GCC_OPTIMIZATION_LEVEL = 0;
				GCC_PREPROCESSOR_DEFINITIONS = (
					"DEBUG=1",
					"$(inherited)",
				);
				GCC_WARN_64_TO_32_BIT_CONVERSION = YES;
				GCC_WARN_ABOUT_RETURN_TYPE = YES_ERROR;
				GCC_WARN_UNDECLARED_SELECTOR = YES;
				GCC_WARN_UNINITIALIZED_AUTOS = YES_AGGRESSIVE;
				GCC_WARN_UNUSED_FUNCTION = YES;
				GCC_WARN_UNUSED_VARIABLE = YES;
				IPHONEOS_DEPLOYMENT_TARGET = 11.3;
				MTL_ENABLE_DEBUG_INFO = YES;
				ONLY_ACTIVE_ARCH = YES;
				SDKROOT = iphoneos;
				SWIFT_ACTIVE_COMPILATION_CONDITIONS = DEBUG;
				SWIFT_OPTIMIZATION_LEVEL = "-Onone";
			};
			name = Debug;
		};
		FBE33A782099F4EB007A5221 /* Release */ = {
			isa = XCBuildConfiguration;
			buildSettings = {
				ALWAYS_SEARCH_USER_PATHS = NO;
				CLANG_ANALYZER_NONNULL = YES;
				CLANG_ANALYZER_NUMBER_OBJECT_CONVERSION = YES_AGGRESSIVE;
				CLANG_CXX_LANGUAGE_STANDARD = "gnu++14";
				CLANG_CXX_LIBRARY = "libc++";
				CLANG_ENABLE_MODULES = YES;
				CLANG_ENABLE_OBJC_ARC = YES;
				CLANG_ENABLE_OBJC_WEAK = YES;
				CLANG_WARN_BLOCK_CAPTURE_AUTORELEASING = YES;
				CLANG_WARN_BOOL_CONVERSION = YES;
				CLANG_WARN_COMMA = YES;
				CLANG_WARN_CONSTANT_CONVERSION = YES;
				CLANG_WARN_DEPRECATED_OBJC_IMPLEMENTATIONS = YES;
				CLANG_WARN_DIRECT_OBJC_ISA_USAGE = YES_ERROR;
				CLANG_WARN_DOCUMENTATION_COMMENTS = YES;
				CLANG_WARN_EMPTY_BODY = YES;
				CLANG_WARN_ENUM_CONVERSION = YES;
				CLANG_WARN_INFINITE_RECURSION = YES;
				CLANG_WARN_INT_CONVERSION = YES;
				CLANG_WARN_NON_LITERAL_NULL_CONVERSION = YES;
				CLANG_WARN_OBJC_IMPLICIT_RETAIN_SELF = YES;
				CLANG_WARN_OBJC_LITERAL_CONVERSION = YES;
				CLANG_WARN_OBJC_ROOT_CLASS = YES_ERROR;
				CLANG_WARN_RANGE_LOOP_ANALYSIS = YES;
				CLANG_WARN_STRICT_PROTOTYPES = YES;
				CLANG_WARN_SUSPICIOUS_MOVE = YES;
				CLANG_WARN_UNGUARDED_AVAILABILITY = YES_AGGRESSIVE;
				CLANG_WARN_UNREACHABLE_CODE = YES;
				CLANG_WARN__DUPLICATE_METHOD_MATCH = YES;
				CODE_SIGN_IDENTITY = "iPhone Developer";
				COPY_PHASE_STRIP = NO;
				DEBUG_INFORMATION_FORMAT = "dwarf-with-dsym";
				ENABLE_NS_ASSERTIONS = NO;
				ENABLE_STRICT_OBJC_MSGSEND = YES;
				GCC_C_LANGUAGE_STANDARD = gnu11;
				GCC_NO_COMMON_BLOCKS = YES;
				GCC_WARN_64_TO_32_BIT_CONVERSION = YES;
				GCC_WARN_ABOUT_RETURN_TYPE = YES_ERROR;
				GCC_WARN_UNDECLARED_SELECTOR = YES;
				GCC_WARN_UNINITIALIZED_AUTOS = YES_AGGRESSIVE;
				GCC_WARN_UNUSED_FUNCTION = YES;
				GCC_WARN_UNUSED_VARIABLE = YES;
				IPHONEOS_DEPLOYMENT_TARGET = 11.3;
				MTL_ENABLE_DEBUG_INFO = NO;
				SDKROOT = iphoneos;
				SWIFT_COMPILATION_MODE = wholemodule;
				SWIFT_OPTIMIZATION_LEVEL = "-O";
				VALIDATE_PRODUCT = YES;
			};
			name = Release;
		};
		FBE33A7A2099F4EB007A5221 /* Debug */ = {
			isa = XCBuildConfiguration;
			buildSettings = {
				ASSETCATALOG_COMPILER_APPICON_NAME = AppIcon;
				CODE_SIGN_STYLE = Automatic;
				INFOPLIST_FILE = weatherapp/Info.plist;
				LD_RUNPATH_SEARCH_PATHS = (
					"$(inherited)",
					"@executable_path/Frameworks",
				);
				PRODUCT_BUNDLE_IDENTIFIER = com.awl.weatherapp;
				PRODUCT_NAME = "$(TARGET_NAME)";
				SWIFT_VERSION = 4.0;
				TARGETED_DEVICE_FAMILY = "1,2";
			};
			name = Debug;
		};
		FBE33A7B2099F4EB007A5221 /* Release */ = {
			isa = XCBuildConfiguration;
			buildSettings = {
				ASSETCATALOG_COMPILER_APPICON_NAME = AppIcon;
				CODE_SIGN_STYLE = Automatic;
				INFOPLIST_FILE = weatherapp/Info.plist;
				LD_RUNPATH_SEARCH_PATHS = (
					"$(inherited)",
					"@executable_path/Frameworks",
				);
				PRODUCT_BUNDLE_IDENTIFIER = com.awl.weatherapp;
				PRODUCT_NAME = "$(TARGET_NAME)";
				SWIFT_VERSION = 4.0;
				TARGETED_DEVICE_FAMILY = "1,2";
			};
			name = Release;
		};
		FBE33A7D2099F4EB007A5221 /* Debug */ = {
			isa = XCBuildConfiguration;
			buildSettings = {
				ALWAYS_EMBED_SWIFT_STANDARD_LIBRARIES = YES;
				BUNDLE_LOADER = "$(TEST_HOST)";
				CODE_SIGN_STYLE = Automatic;
				INFOPLIST_FILE = weatherappTests/Info.plist;
				LD_RUNPATH_SEARCH_PATHS = (
					"$(inherited)",
					"@executable_path/Frameworks",
					"@loader_path/Frameworks",
				);
				PRODUCT_BUNDLE_IDENTIFIER = com.awl.weatherappTests;
				PRODUCT_NAME = "$(TARGET_NAME)";
				SWIFT_VERSION = 4.0;
				TARGETED_DEVICE_FAMILY = "1,2";
				TEST_HOST = "$(BUILT_PRODUCTS_DIR)/weatherapp.app/weatherapp";
			};
			name = Debug;
		};
		FBE33A7E2099F4EB007A5221 /* Release */ = {
			isa = XCBuildConfiguration;
			buildSettings = {
				ALWAYS_EMBED_SWIFT_STANDARD_LIBRARIES = YES;
				BUNDLE_LOADER = "$(TEST_HOST)";
				CODE_SIGN_STYLE = Automatic;
				INFOPLIST_FILE = weatherappTests/Info.plist;
				LD_RUNPATH_SEARCH_PATHS = (
					"$(inherited)",
					"@executable_path/Frameworks",
					"@loader_path/Frameworks",
				);
				PRODUCT_BUNDLE_IDENTIFIER = com.awl.weatherappTests;
				PRODUCT_NAME = "$(TARGET_NAME)";
				SWIFT_VERSION = 4.0;
				TARGETED_DEVICE_FAMILY = "1,2";
				TEST_HOST = "$(BUILT_PRODUCTS_DIR)/weatherapp.app/weatherapp";
			};
			name = Release;
		};
		FBE33A802099F4EB007A5221 /* Debug */ = {
			isa = XCBuildConfiguration;
			buildSettings = {
				ALWAYS_EMBED_SWIFT_STANDARD_LIBRARIES = YES;
				CODE_SIGN_STYLE = Automatic;
				INFOPLIST_FILE = weatherappUITests/Info.plist;
				LD_RUNPATH_SEARCH_PATHS = (
					"$(inherited)",
					"@executable_path/Frameworks",
					"@loader_path/Frameworks",
				);
				PRODUCT_BUNDLE_IDENTIFIER = com.awl.weatherappUITests;
				PRODUCT_NAME = "$(TARGET_NAME)";
				SWIFT_VERSION = 4.0;
				TARGETED_DEVICE_FAMILY = "1,2";
				TEST_TARGET_NAME = weatherapp;
			};
			name = Debug;
		};
		FBE33A812099F4EB007A5221 /* Release */ = {
			isa = XCBuildConfiguration;
			buildSettings = {
				ALWAYS_EMBED_SWIFT_STANDARD_LIBRARIES = YES;
				CODE_SIGN_STYLE = Automatic;
				INFOPLIST_FILE = weatherappUITests/Info.plist;
				LD_RUNPATH_SEARCH_PATHS = (
					"$(inherited)",
					"@executable_path/Frameworks",
					"@loader_path/Frameworks",
				);
				PRODUCT_BUNDLE_IDENTIFIER = com.awl.weatherappUITests;
				PRODUCT_NAME = "$(TARGET_NAME)";
				SWIFT_VERSION = 4.0;
				TARGETED_DEVICE_FAMILY = "1,2";
				TEST_TARGET_NAME = weatherapp;
			};
			name = Release;
		};
/* End XCBuildConfiguration section */

/* Begin XCConfigurationList section */
		FBE33A4C2099F4EA007A5221 /* Build configuration list for PBXProject "weatherapp" */ = {
			isa = XCConfigurationList;
			buildConfigurations = (
				FBE33A772099F4EB007A5221 /* Debug */,
				FBE33A782099F4EB007A5221 /* Release */,
			);
			defaultConfigurationIsVisible = 0;
			defaultConfigurationName = Release;
		};
		FBE33A792099F4EB007A5221 /* Build configuration list for PBXNativeTarget "weatherapp" */ = {
			isa = XCConfigurationList;
			buildConfigurations = (
				FBE33A7A2099F4EB007A5221 /* Debug */,
				FBE33A7B2099F4EB007A5221 /* Release */,
			);
			defaultConfigurationIsVisible = 0;
			defaultConfigurationName = Release;
		};
		FBE33A7C2099F4EB007A5221 /* Build configuration list for PBXNativeTarget "weatherappTests" */ = {
			isa = XCConfigurationList;
			buildConfigurations = (
				FBE33A7D2099F4EB007A5221 /* Debug */,
				FBE33A7E2099F4EB007A5221 /* Release */,
			);
			defaultConfigurationIsVisible = 0;
			defaultConfigurationName = Release;
		};
		FBE33A7F2099F4EB007A5221 /* Build configuration list for PBXNativeTarget "weatherappUITests" */ = {
			isa = XCConfigurationList;
			buildConfigurations = (
				FBE33A802099F4EB007A5221 /* Debug */,
				FBE33A812099F4EB007A5221 /* Release */,
			);
			defaultConfigurationIsVisible = 0;
			defaultConfigurationName = Release;
		};
/* End XCConfigurationList section */
	};
	rootObject = FBE33A492099F4EA007A5221 /* Project object */;
}
